
Microsoft Visual Studio Solution File, Format Version 12.00
# Visual Studio Version 17
VisualStudioVersion = 17.4.33213.308
MinimumVisualStudioVersion = 10.0.40219.1
Project("{FAE04EC0-301F-11D3-BF4B-00C04F79EFBC}") = "PopcornEntityFramework", "PopcornEntityFramework.csproj", "{EDFE9E29-DFC7-4710-B777-8C768E24220A}"
EndProject
Global
	GlobalSection(SolutionConfigurationPlatforms) = preSolution
		Debug|Any CPU = Debug|Any CPU
		Release|Any CPU = Release|Any CPU
	EndGlobalSection
	GlobalSection(ProjectConfigurationPlatforms) = postSolution
		{EDFE9E29-DFC7-4710-B777-8C768E24220A}.Debug|Any CPU.ActiveCfg = Debug|Any CPU
		{EDFE9E29-DFC7-4710-B777-8C768E24220A}.Debug|Any CPU.Build.0 = Debug|Any CPU
		{EDFE9E29-DFC7-4710-B777-8C768E24220A}.Release|Any CPU.ActiveCfg = Release|Any CPU
		{EDFE9E29-DFC7-4710-B777-8C768E24220A}.Release|Any CPU.Build.0 = Release|Any CPU
	EndGlobalSection
	GlobalSection(SolutionProperties) = preSolution
		HideSolutionNode = FALSE
	EndGlobalSection
	GlobalSection(ExtensibilityGlobals) = postSolution
		SolutionGuid = {605C1263-F154-4D36-A9CF-5E78AB9A8433}
	EndGlobalSection
EndGlobal
